// !$*UTF8*$!
{
	archiveVersion = 1;
	classes = {
	};
	objectVersion = 46;
	objects = {

/* Begin PBXBuildFile section */
		14F21B641C3D1235001FF9CC /* AppDelegate.swift in Sources */ = {isa = PBXBuildFile; fileRef = 14F21B631C3D1235001FF9CC /* AppDelegate.swift */; };
		14F21B661C3D1235001FF9CC /* ViewController.swift in Sources */ = {isa = PBXBuildFile; fileRef = 14F21B651C3D1235001FF9CC /* ViewController.swift */; };
		14F21B691C3D1235001FF9CC /* Main.storyboard in Resources */ = {isa = PBXBuildFile; fileRef = 14F21B671C3D1235001FF9CC /* Main.storyboard */; };
		14F21B6C1C3D1235001FF9CC /* FeaturesApp.xcdatamodeld in Sources */ = {isa = PBXBuildFile; fileRef = 14F21B6A1C3D1235001FF9CC /* FeaturesApp.xcdatamodeld */; };
		14F21B6E1C3D1235001FF9CC /* Assets.xcassets in Resources */ = {isa = PBXBuildFile; fileRef = 14F21B6D1C3D1235001FF9CC /* Assets.xcassets */; };
		14F21B711C3D1235001FF9CC /* LaunchScreen.storyboard in Resources */ = {isa = PBXBuildFile; fileRef = 14F21B6F1C3D1235001FF9CC /* LaunchScreen.storyboard */; };
/* End PBXBuildFile section */

/* Begin PBXFileReference section */
		14F21B601C3D1235001FF9CC /* FeaturesApp.app */ = {isa = PBXFileReference; explicitFileType = wrapper.application; includeInIndex = 0; path = FeaturesApp.app; sourceTree = BUILT_PRODUCTS_DIR; };
		14F21B631C3D1235001FF9CC /* AppDelegate.swift */ = {isa = PBXFileReference; lastKnownFileType = sourcecode.swift; path = AppDelegate.swift; sourceTree = "<group>"; };
		14F21B651C3D1235001FF9CC /* ViewController.swift */ = {isa = PBXFileReference; lastKnownFileType = sourcecode.swift; path = ViewController.swift; sourceTree = "<group>"; };
		14F21B681C3D1235001FF9CC /* Base */ = {isa = PBXFileReference; lastKnownFileType = file.storyboard; name = Base; path = Base.lproj/Main.storyboard; sourceTree = "<group>"; };
		14F21B6B1C3D1235001FF9CC /* FeaturesApp.xcdatamodel */ = {isa = PBXFileReference; lastKnownFileType = wrapper.xcdatamodel; path = FeaturesApp.xcdatamodel; sourceTree = "<group>"; };
		14F21B6D1C3D1235001FF9CC /* Assets.xcassets */ = {isa = PBXFileReference; lastKnownFileType = folder.assetcatalog; path = Assets.xcassets; sourceTree = "<group>"; };
		14F21B701C3D1235001FF9CC /* Base */ = {isa = PBXFileReference; lastKnownFileType = file.storyboard; name = Base; path = Base.lproj/LaunchScreen.storyboard; sourceTree = "<group>"; };
		14F21B721C3D1235001FF9CC /* Info.plist */ = {isa = PBXFileReference; lastKnownFileType = text.plist.xml; path = Info.plist; sourceTree = "<group>"; };
/* End PBXFileReference section */

/* Begin PBXFrameworksBuildPhase section */
		14F21B5D1C3D1235001FF9CC /* Frameworks */ = {
			isa = PBXFrameworksBuildPhase;
			buildActionMask = 2147483647;
			files = (
			);
			runOnlyForDeploymentPostprocessing = 0;
		};
/* End PBXFrameworksBuildPhase section */

/* Begin PBXGroup section */
		14F21B571C3D1235001FF9CC = {
			isa = PBXGroup;
			children = (
				14F21B621C3D1235001FF9CC /* FeaturesApp */,
				14F21B611C3D1235001FF9CC /* Products */,
			);
			sourceTree = "<group>";
		};
		14F21B611C3D1235001FF9CC /* Products */ = {
			isa = PBXGroup;
			children = (
				14F21B601C3D1235001FF9CC /* FeaturesApp.app */,
			);
			name = Products;
			sourceTree = "<group>";
		};
		14F21B621C3D1235001FF9CC /* FeaturesApp */ = {
			isa = PBXGroup;
			children = (
				14F21B631C3D1235001FF9CC /* AppDelegate.swift */,
				14F21B651C3D1235001FF9CC /* ViewController.swift */,
				14F21B671C3D1235001FF9CC /* Main.storyboard */,
				14F21B6D1C3D1235001FF9CC /* Assets.xcassets */,
				14F21B6F1C3D1235001FF9CC /* LaunchScreen.storyboard */,
				14F21B721C3D1235001FF9CC /* Info.plist */,
				14F21B6A1C3D1235001FF9CC /* FeaturesApp.xcdatamodeld */,
			);
			path = FeaturesApp;
			sourceTree = "<group>";
		};
/* End PBXGroup section */

/* Begin PBXNativeTarget section */
		14F21B5F1C3D1235001FF9CC /* FeaturesApp */ = {
			isa = PBXNativeTarget;
			buildConfigurationList = 14F21B751C3D1235001FF9CC /* Build configuration list for PBXNativeTarget "FeaturesApp" */;
			buildPhases = (
				14F21B5C1C3D1235001FF9CC /* Sources */,
				14F21B5D1C3D1235001FF9CC /* Frameworks */,
				14F21B5E1C3D1235001FF9CC /* Resources */,
			);
			buildRules = (
			);
			dependencies = (
			);
			name = FeaturesApp;
			productName = FeaturesApp;
			productReference = 14F21B601C3D1235001FF9CC /* FeaturesApp.app */;
			productType = "com.apple.product-type.application";
		};
/* End PBXNativeTarget section */

/* Begin PBXProject section */
		14F21B581C3D1235001FF9CC /* Project object */ = {
			isa = PBXProject;
			attributes = {
				LastSwiftUpdateCheck = 0710;
				LastUpgradeCheck = 0710;
				ORGANIZATIONNAME = "Noura Rizk";
				TargetAttributes = {
					14F21B5F1C3D1235001FF9CC = {
						CreatedOnToolsVersion = 7.1;
						DevelopmentTeam = EMFZC5SJ44;
					};
				};
			};
			buildConfigurationList = 14F21B5B1C3D1235001FF9CC /* Build configuration list for PBXProject "FeaturesApp" */;
			compatibilityVersion = "Xcode 3.2";
			developmentRegion = English;
			hasScannedForEncodings = 0;
			knownRegions = (
				en,
				Base,
			);
			mainGroup = 14F21B571C3D1235001FF9CC;
			productRefGroup = 14F21B611C3D1235001FF9CC /* Products */;
			projectDirPath = "";
			projectRoot = "";
			targets = (
				14F21B5F1C3D1235001FF9CC /* FeaturesApp */,
			);
		};
/* End PBXProject section */

/* Begin PBXResourcesBuildPhase section */
		14F21B5E1C3D1235001FF9CC /* Resources */ = {
			isa = PBXResourcesBuildPhase;
			buildActionMask = 2147483647;
			files = (
				14F21B711C3D1235001FF9CC /* LaunchScreen.storyboard in Resources */,
				14F21B6E1C3D1235001FF9CC /* Assets.xcassets in Resources */,
				14F21B691C3D1235001FF9CC /* Main.storyboard in Resources */,
			);
			runOnlyForDeploymentPostprocessing = 0;
		};
/* End PBXResourcesBuildPhase section */

/* Begin PBXSourcesBuildPhase section */
		14F21B5C1C3D1235001FF9CC /* Sources */ = {
			isa = PBXSourcesBuildPhase;
			buildActionMask = 2147483647;
			files = (
				14F21B661C3D1235001FF9CC /* ViewController.swift in Sources */,
				14F21B6C1C3D1235001FF9CC /* FeaturesApp.xcdatamodeld in Sources */,
				14F21B641C3D1235001FF9CC /* AppDelegate.swift in Sources */,
			);
			runOnlyForDeploymentPostprocessing = 0;
		};
/* End PBXSourcesBuildPhase section */

/* Begin PBXVariantGroup section */
		14F21B671C3D1235001FF9CC /* Main.storyboard */ = {
			isa = PBXVariantGroup;
			children = (
				14F21B681C3D1235001FF9CC /* Base */,
			);
			name = Main.storyboard;
			sourceTree = "<group>";
		};
		14F21B6F1C3D1235001FF9CC /* LaunchScreen.storyboard */ = {
			isa = PBXVariantGroup;
			children = (
				14F21B701C3D1235001FF9CC /* Base */,
			);
			name = LaunchScreen.storyboard;
			sourceTree = "<group>";
		};
/* End PBXVariantGroup section */

/* Begin XCBuildConfiguration section */
		14F21B731C3D1235001FF9CC /* Debug */ = {
			isa = XCBuildConfiguration;
			buildSettings = {
				ALWAYS_SEARCH_USER_PATHS = NO;
				CLANG_CXX_LANGUAGE_STANDARD = "gnu++0x";
				CLANG_CXX_LIBRARY = "libc++";
				CLANG_ENABLE_MODULES = YES;
				CLANG_ENABLE_OBJC_ARC = YES;
				CLANG_WARN_BOOL_CONVERSION = YES;
				CLANG_WARN_CONSTANT_CONVERSION = YES;
				CLANG_WARN_DIRECT_OBJC_ISA_USAGE = YES_ERROR;
				CLANG_WARN_EMPTY_BODY = YES;
				CLANG_WARN_ENUM_CONVERSION = YES;
				CLANG_WARN_INT_CONVERSION = YES;
				CLANG_WARN_OBJC_ROOT_CLASS = YES_ERROR;
				CLANG_WARN_UNREACHABLE_CODE = YES;
				CLANG_WARN__DUPLICATE_METHOD_MATCH = YES;
				"CODE_SIGN_IDENTITY[sdk=iphoneos*]" = "iPhone Developer";
				COPY_PHASE_STRIP = NO;
				DEBUG_INFORMATION_FORMAT = dwarf;
				ENABLE_STRICT_OBJC_MSGSEND = YES;
				ENABLE_TESTABILITY = YES;
				GCC_C_LANGUAGE_STANDARD = gnu99;
				GCC_DYNAMIC_NO_PIC = NO;
				GCC_NO_COMMON_BLOCKS = YES;
				GCC_OPTIMIZATION_LEVEL = 0;
				GCC_PREPROCESSOR_DEFINITIONS = (
					"DEBUG=1",
					"$(inherited)",
				);
				GCC_WARN_64_TO_32_BIT_CONVERSION = YES;
				GCC_WARN_ABOUT_RETURN_TYPE = YES_ERROR;
				GCC_WARN_UNDECLARED_SELECTOR = YES;
				GCC_WARN_UNINITIALIZED_AUTOS = YES_AGGRESSIVE;
				GCC_WARN_UNUSED_FUNCTION = YES;
				GCC_WARN_UNUSED_VARIABLE = YES;
				IPHONEOS_DEPLOYMENT_TARGET = 9.1;
				MTL_ENABLE_DEBUG_INFO = YES;
				ONLY_ACTIVE_ARCH = YES;
				SDKROOT = iphoneos;
				SWIFT_OPTIMIZATION_LEVEL = "-Onone";
				TARGETED_DEVICE_FAMILY = "1,2";
			};
			name = Debug;
		};
		14F21B741C3D1235001FF9CC /* Release */ = {
			isa = XCBuildConfiguration;
			buildSettings = {
				ALWAYS_SEARCH_USER_PATHS = NO;
				CLANG_CXX_LANGUAGE_STANDARD = "gnu++0x";
				CLANG_CXX_LIBRARY = "libc++";
				CLANG_ENABLE_MODULES = YES;
				CLANG_ENABLE_OBJC_ARC = YES;
				CLANG_WARN_BOOL_CONVERSION = YES;
				CLANG_WARN_CONSTANT_CONVERSION = YES;
				CLANG_WARN_DIRECT_OBJC_ISA_USAGE = YES_ERROR;
				CLANG_WARN_EMPTY_BODY = YES;
				CLANG_WARN_ENUM_CONVERSION = YES;
				CLANG_WARN_INT_CONVERSION = YES;
				CLANG_WARN_OBJC_ROOT_CLASS = YES_ERROR;
				CLANG_WARN_UNREACHABLE_CODE = YES;
				CLANG_WARN__DUPLICATE_METHOD_MATCH = YES;
				"CODE_SIGN_IDENTITY[sdk=iphoneos*]" = "iPhone Developer";
				COPY_PHASE_STRIP = NO;
				DEBUG_INFORMATION_FORMAT = "dwarf-with-dsym";
				ENABLE_NS_ASSERTIONS = NO;
				ENABLE_STRICT_OBJC_MSGSEND = YES;
				GCC_C_LANGUAGE_STANDARD = gnu99;
				GCC_NO_COMMON_BLOCKS = YES;
				GCC_WARN_64_TO_32_BIT_CONVERSION = YES;
				GCC_WARN_ABOUT_RETURN_TYPE = YES_ERROR;
				GCC_WARN_UNDECLARED_SELECTOR = YES;
				GCC_WARN_UNINITIALIZED_AUTOS = YES_AGGRESSIVE;
				GCC_WARN_UNUSED_FUNCTION = YES;
				GCC_WARN_UNUSED_VARIABLE = YES;
				IPHONEOS_DEPLOYMENT_TARGET = 9.1;
				MTL_ENABLE_DEBUG_INFO = NO;
				SDKROOT = iphoneos;
				TARGETED_DEVICE_FAMILY = "1,2";
				VALIDATE_PRODUCT = YES;
			};
			name = Release;
		};
		14F21B761C3D1235001FF9CC /* Debug */ = {
			isa = XCBuildConfiguration;
			buildSettings = {
				ASSETCATALOG_COMPILER_APPICON_NAME = AppIcon;
				INFOPLIST_FILE = FeaturesApp/Info.plist;
				LD_RUNPATH_SEARCH_PATHS = "$(inherited) @executable_path/Frameworks";
				PRODUCT_BUNDLE_IDENTIFIER = co.ntime.FeaturesApp;
				PRODUCT_NAME = "$(TARGET_NAME)";
			};
			name = Debug;
		};
		14F21B771C3D1235001FF9CC /* Release */ = {
			isa = XCBuildConfiguration;
			buildSettings = {
				ASSETCATALOG_COMPILER_APPICON_NAME = AppIcon;
				INFOPLIST_FILE = FeaturesApp/Info.plist;
				LD_RUNPATH_SEARCH_PATHS = "$(inherited) @executable_path/Frameworks";
				PRODUCT_BUNDLE_IDENTIFIER = co.ntime.FeaturesApp;
				PRODUCT_NAME = "$(TARGET_NAME)";
			};
			name = Release;
		};
/* End XCBuildConfiguration section */

/* Begin XCConfigurationList section */
		14F21B5B1C3D1235001FF9CC /* Build configuration list for PBXProject "FeaturesApp" */ = {
			isa = XCConfigurationList;
			buildConfigurations = (
				14F21B731C3D1235001FF9CC /* Debug */,
				14F21B741C3D1235001FF9CC /* Release */,
			);
			defaultConfigurationIsVisible = 0;
			defaultConfigurationName = Release;
		};
		14F21B751C3D1235001FF9CC /* Build configuration list for PBXNativeTarget "FeaturesApp" */ = {
			isa = XCConfigurationList;
			buildConfigurations = (
				14F21B761C3D1235001FF9CC /* Debug */,
				14F21B771C3D1235001FF9CC /* Release */,
			);
			defaultConfigurationIsVisible = 0;
		};
/* End XCConfigurationList section */

/* Begin XCVersionGroup section */
		14F21B6A1C3D1235001FF9CC /* FeaturesApp.xcdatamodeld */ = {
			isa = XCVersionGroup;
			children = (
				14F21B6B1C3D1235001FF9CC /* FeaturesApp.xcdatamodel */,
			);
			currentVersion = 14F21B6B1C3D1235001FF9CC /* FeaturesApp.xcdatamodel */;
			path = FeaturesApp.xcdatamodeld;
			sourceTree = "<group>";
			versionGroupType = wrapper.xcdatamodel;
		};
/* End XCVersionGroup section */
	};
	rootObject = 14F21B581C3D1235001FF9CC /* Project object */;
}
